
Microsoft Visual Studio Solution File, Format Version 12.00
# Visual Studio Version 17
VisualStudioVersion = 17.9.34622.214
MinimumVisualStudioVersion = 10.0.40219.1
Project("{FAE04EC0-301F-11D3-BF4B-00C04F79EFBC}") = "Simon Reynolds Technical Test v2", "Simon Reynolds Technical Test v2\Simon Reynolds Technical Test v2.csproj", "{09AEC5B0-04A2-407F-89B4-B2A20E1A4EBF}"
EndProject
Global
	GlobalSection(SolutionConfigurationPlatforms) = preSolution
		Debug|Any CPU = Debug|Any CPU
		Release|Any CPU = Release|Any CPU
	EndGlobalSection
	GlobalSection(ProjectConfigurationPlatforms) = postSolution
		{09AEC5B0-04A2-407F-89B4-B2A20E1A4EBF}.Debug|Any CPU.ActiveCfg = Debug|Any CPU
		{09AEC5B0-04A2-407F-89B4-B2A20E1A4EBF}.Debug|Any CPU.Build.0 = Debug|Any CPU
		{09AEC5B0-04A2-407F-89B4-B2A20E1A4EBF}.Release|Any CPU.ActiveCfg = Release|Any CPU
		{09AEC5B0-04A2-407F-89B4-B2A20E1A4EBF}.Release|Any CPU.Build.0 = Release|Any CPU
	EndGlobalSection
	GlobalSection(SolutionProperties) = preSolution
		HideSolutionNode = FALSE
	EndGlobalSection
	GlobalSection(ExtensibilityGlobals) = postSolution
		SolutionGuid = {7438A117-6F22-4759-BDA1-E6F8C4A7FEB5}
	EndGlobalSection
EndGlobal
